filippo.io/edwards25519 v1.2.0 h1:crnVqOiS4jqYleHd9vaKZ+HKtHfllngJIiOpNpoJsjo=
filippo.io/edwards25519 v1.2.0/go.mod h1:xzAOLCNug/yB62zG1bQ8uziwrIqIuxhctzJT18Q77mc=
github.com/cespare/xxhash/v2 v2.3.0 h1:UL815xU9SqsFlibzuggzjXhog7bL6oX9BbNZnL2UFvs=
github.com/cespare/xxhash/v2 v2.3.0/go.mod h1:VGX0DQ3Q6kWi7AoAeZDth3/j3BFtOZR5XLFGgcrjCOs=
github.com/dchest/siphash v1.2.3 h1:QXwFc8cFOR2dSa/gE6o/HokBMWtLUaNDVd+22aKHeEA=
github.com/dchest/siphash v1.2.3/go.mod h1:0NvQU092bT0ipiFN++/rXm69QG9tVxLAlQHIXMPAkHc=
github.com/go-i2p/common v0.1.59999 h1:rvRdImZT6Q4FFwFCmVRd1If+SqBcN/nn9L5QlNinZmQ=
github.com/go-i2p/common v0.1.59999/go.mod h1:VzRrGBDPSCUF2Xmh+pxpvWHaO3N4F88w6O2lswGYXWQ=
github.com/go-i2p/crypto v0.1.59999 h1:EpIey3Nd8vQ7g99oWylK+UvgyCwqx5C4E8ve4kYfauQ=
github.com/go-i2p/crypto v0.1.59999/go.mod h1:xXxETQirwEiCEBVhcy7PScCU0sLV5pwDsiXkv9n2ZQk=
github.com/go-i2p/elgamal v0.1.59999 h1:zK/PL82556guw9OTwIUeyEXtrekLqFEfur4T/7ELpvk=
github.com/go-i2p/elgamal v0.1.59999/go.mod h1:doBqsiGCnCL7TzgKr+mJnfodAD7i5wEWMpap0qgKsAw=
github.com/go-i2p/logger v0.1.59999 h1:q09lHiTkKiObe76lN8ES3CdNHmlzAMBv5/p0kkTt8GU=
github.com/go-i2p/logger v0.1.59999/go.mod h1:WbyfWMndgFGJZ4xIA4oXlIfwgr3iQF/cb0HqMn/YZxk=
github.com/go-i2p/noise v0.1.68 h1:u6eHThSp5X34Q4HgXQAt725vJ5JTi3HDa6o3OcB6hac=
github.com/go-i2p/noise v0.1.68/go.mod h1:/79lUu1iKd1yW+zqLI7QjY2MUpsGkGStKM7XVDxPeEc=
github.com/go-i2p/path v0.1.59999 h1:khgviL/FL5lJS4tfeoyR0M+fJacUD8YAwY+NdUn3cuI=
github.com/go-i2p/path v0.1.59999/go.mod h1:MCQDJqY4tS+xX2voQA7+urDL7RWhZdkzArM8FN3IqzU=
github.com/go-i2p/pool v0.1.59999 h1:jWTzOypfVFvhcUPhrkzOq0i2rMtz8A1QJjzv9f8YIEg=
github.com/go-i2p/pool v0.1.59999/go.mod h1:O1i9HtW0zSaoHAzVLmDTEvHYD9VzLnvfBDd/aKk2N7Y=
github.com/google/go-cmp v0.7.0 h1:wk8382ETsv4JYUZwIsn6YpYiWiBsYLSJiTsyBybVuN8=
github.com/google/go-cmp v0.7.0/go.mod h1:pXiqmnSA92OHEEa9HXL2W4E7lf9JzCmGVUdgjX3N/iU=
github.com/kr/pretty v0.3.1 h1:flRD4NNwYAUpkphVc1HcthR4KEIFJ65n8Mw5qdRn3LE=
github.com/kr/pretty v0.3.1/go.mod h1:hoEshYVHaxMs3cyo3Yncou5ZscifuDolrwPKZanG3xk=
github.com/kr/text v0.2.0 h1:5Nx0Ya0ZqY2ygV366QzturHI13Jq95ApcVaJBhpS+AY=
github.com/kr/text v0.2.0/go.mod h1:eLer722TekiGuMkidMxC/pM04lWEeraHUUmBw8l2grE=
github.com/oklog/ulid/v2 v2.1.2 h1:IEclFb9JNvzYA6MW2SCxbLzcHTVsfqm3PrqGQJH5zec=
github.com/oklog/ulid/v2 v2.1.2/go.mod h1:rcEKHmBBKfef9DhnvX7y1HZBYxjXb0cP5ExxNsTT1QQ=
github.com/pborman/getopt v0.0.0-20170112200414-7148bc3a4c30/go.mod h1:85jBQOZwpVEaDAr341tbn15RS4fCAsIst0qp7i8ex1o=
github.com/rogpeppe/go-internal v1.14.1 h1:UQB4HGPB6osV0SQTLymcB4TgvyWu6ZyliaW0tI/otEQ=
github.com/rogpeppe/go-internal v1.14.1/go.mod h1:MaRKkUm5W0goXpeCfT7UZI6fk/L7L7so1lCWt35ZSgc=
github.com/samber/lo v1.53.0 h1:t975lj2py4kJPQ6haz1QMgtId2gtmfktACxIXArw3HM=
github.com/samber/lo v1.53.0/go.mod h1:4+MXEGsJzbKGaUEQFKBq2xtfuznW9oz/WrgyzMzRoM0=
github.com/samber/oops v1.23.1 h1:QKkdrmSTr46B2u+FoQnUJ8dtp0an/yHKvytWHCTEba8=
github.com/samber/oops v1.23.1/go.mod h1:LO+VjrupgloQZ3CrXnhWqOWYARz8lY4EM+RHGzb3UJI=
github.com/sirupsen/logrus v1.9.4 h1:TsZE7l11zFCLZnZ+teH4Umoq5BhEIfIzfRDZ1Uzql2w=
github.com/sirupsen/logrus v1.9.4/go.mod h1:ftWc9WdOfJ0a92nsE2jF5u5ZwH8Bv2zdeOC42RjbV2g=
github.com/stretchr/testify v1.12.1 h1:EuwCh5fleGS7H32xRwO3wRGT7DxrDhLAT6FF8MpWDWE=
github.com/stretchr/testify v1.12.1/go.mod h1:MDEgiDPPsNp5cuIrHPPCyornHKgEVbtFUmoNlxoYthg=
go.opentelemetry.io/otel v1.44.0 h1:JjwHmHpA4iZ3wBxluu2fbbE7j4kqlE8jXyAyPXH7HqU=
go.opentelemetry.io/otel v1.44.0/go.mod h1:BMgjTHL9WPRlRjL2oZCBTL4whCGtXch2H4BhOPIAyYc=
go.opentelemetry.io/otel/trace v1.44.0 h1:jxF5CsGYCe74MCRx2X4g7WsY/VBKRqqpNvXlX/6gtIk=
go.opentelemetry.io/otel/trace v1.44.0/go.mod h1:oLl1jrMQAVo6v3GAggN+1VH9VIz9iUSvW53sW1Q8PIE=
go.step.sm/crypto v0.82.0 h1:JOT8b/7Jh4My3mxE4U7UkuaN2sUGkZ8fnjznXaTGoRE=
go.step.sm/crypto v0.82.0/go.mod h1:qyLTv666WJ6ImFPUjljux+684Y/GGYUjAZcKCnc6yBs=
go.yaml.in/yaml/v3 v3.0.5 h1:N6y/pJk8buWs9NY5ERU2HSMfm+IuD/OtfdAnq6kESPw=
go.yaml.in/yaml/v3 v3.0.5/go.mod h1:HVTZu1O7/Vkt2N+BFy8Zza+lnLsABggaTM2ZpNIGuKg=
golang.org/x/crypto v0.57.0 h1:3ZVCjf8Ggz7zneR/EHRVx68Ctf+2pmIMP2UFhh9cC6M=
golang.org/x/crypto v0.57.0/go.mod h1:Fdz0i5U6CoizGwLda9DttjSk6qlZo25zYNtR+ycvuZA=
golang.org/x/sys v0.48.0 h1:bbX/i/6MgT9BVLM9RT1thmxL04yeTAhbEz4SyadbXoo=
golang.org/x/sys v0.48.0/go.mod h1:hNLxWAXmnKAxqDtdwIYC4bM9oQPEecfsnNMuSxOs3og=
golang.org/x/text v0.42.0 h1:JbOZXgfeCPU9gacVtYliJqOhD+zhrEqK4LfdpmlUZqI=
golang.org/x/text v0.42.0/go.mod h1:ojzP1Z+2QtioaF8DTtO8K5q7JWVVYwZKenzujK0Zd0E=
gopkg.in/check.v1 v1.0.0-20201130134442-10cb98267c6c h1:Hei/4ADfdWqJk1ZMxUNpqntNwaWcugrBjAiHlqqRiVk=
gopkg.in/check.v1 v1.0.0-20201130134442-10cb98267c6c/go.mod h1:JHkPIbrfpd72SG/EVd6muEfDQjcINNoR0C8j2r3qZ4Q=
