filippo.io/edwards25519 v1.2.0 h1:crnVqOiS4jqYleHd9vaKZ+HKtHfllngJIiOpNpoJsjo=
filippo.io/edwards25519 v1.2.0/go.mod h1:xzAOLCNug/yB62zG1bQ8uziwrIqIuxhctzJT18Q77mc=
github.com/cespare/xxhash/v2 v2.3.0 h1:UL815xU9SqsFlibzuggzjXhog7bL6oX9BbNZnL2UFvs=
github.com/cespare/xxhash/v2 v2.3.0/go.mod h1:VGX0DQ3Q6kWi7AoAeZDth3/j3BFtOZR5XLFGgcrjCOs=
github.com/dchest/siphash v1.2.3 h1:QXwFc8cFOR2dSa/gE6o/HokBMWtLUaNDVd+22aKHeEA=
github.com/dchest/siphash v1.2.3/go.mod h1:0NvQU092bT0ipiFN++/rXm69QG9tVxLAlQHIXMPAkHc=
github.com/go-i2p/common v0.1.59 h1:cQnbhlCqgLnRNA7aCdYrl/8EpvWVdc1ua53kvHmNbTc=
github.com/go-i2p/common v0.1.59/go.mod h1:86pk779Mvn3CKt7hkfZUcWXgDPKexAy08SY74K6Vuag=
github.com/go-i2p/common v0.1.68 h1:ZMgEWS1SY/n9rTVcLKw9ClIUYr/eBNy4lXRnARHsoeo=
github.com/go-i2p/common v0.1.68/go.mod h1:DP9nC7AJuCB2roOGQ7ZHFalivKRodRIwUrrbHuWHQDs=
github.com/go-i2p/common v0.1.60000-0.20260701134558-e5f5cf65a7f5 h1:bseTqmqftT/XB/lM1dXwHp/pf/RJxB8Fc8sKCBxepRY=
github.com/go-i2p/common v0.1.60000-0.20260701134558-e5f5cf65a7f5/go.mod h1:a0sW2Q7N14cAxX+/KijWisaZ3BNUQJZyxvsZEADPN9o=
github.com/go-i2p/crypto v0.1.59 h1:YnO3+4pqz63S4C8JGinINEd4lXc5FJZ5fn5QYYCBLV8=
github.com/go-i2p/crypto v0.1.59/go.mod h1:MQOMwC3uwW53no8TVgbOkdgdr7K6IRmwA2ObOgKUi+g=
github.com/go-i2p/crypto v0.1.68 h1:13Som3PqY+00F7mcQCg3i2L/m78fD75ERvhhMQlStvg=
github.com/go-i2p/crypto v0.1.68/go.mod h1:W9U1KpOk0yp2DsybM8zA0rBVCiqfK/9QkBqosegXkfA=
github.com/go-i2p/crypto v0.1.60000-0.20260701135847-3ade996b68a0 h1:rfVnbHfeTMEGto3hUhEHpqFS3EU/COGDntCtq0T6T4c=
github.com/go-i2p/crypto v0.1.60000-0.20260701135847-3ade996b68a0/go.mod h1:W9U1KpOk0yp2DsybM8zA0rBVCiqfK/9QkBqosegXkfA=
github.com/go-i2p/elgamal v0.1.60000-0.20260701131626-b5c8141026fc h1:giOkER76Ac3mRBxR9E1SshqLEU73ys50hw5XRHcnq4U=
github.com/go-i2p/elgamal v0.1.60000-0.20260701131626-b5c8141026fc/go.mod h1:kB4tWTyeTkycDUAlFYhd17H8Lth0ugSA0PH4/YJArrQ=
github.com/go-i2p/logger v0.1.68 h1:aV0bePJ0adP0QWHUqhvWyFIa6NZzrEGrO/4rqvDavuc=
github.com/go-i2p/logger v0.1.68/go.mod h1:hImCA+uIhYMZ9A6zyBezgdWJ9L5Nx+eEYCO74epGzts=
github.com/go-i2p/logger v0.1.60000-0.20260701134448-2648c3b0e040 h1:+a8ZBh5vNWbQE4+bSSVGtDTTMVfKV/rLVyYAaGUp8ME=
github.com/go-i2p/logger v0.1.60000-0.20260701134448-2648c3b0e040/go.mod h1:hImCA+uIhYMZ9A6zyBezgdWJ9L5Nx+eEYCO74epGzts=
github.com/go-i2p/noise v0.1.68 h1:u6eHThSp5X34Q4HgXQAt725vJ5JTi3HDa6o3OcB6hac=
github.com/go-i2p/noise v0.1.68/go.mod h1:/79lUu1iKd1yW+zqLI7QjY2MUpsGkGStKM7XVDxPeEc=
github.com/go-i2p/path v0.1.59 h1:SiFEtC8XUwA+Qw+FGcSpTKeCUVg9OVuf6sGwQLNWrLI=
github.com/go-i2p/path v0.1.59/go.mod h1:KI1bhqXmkE2lbHyqpO8Fh5uX8nXFCVwfrjLnCFnH6LE=
github.com/go-i2p/path v0.1.68 h1:89L2nAhF/ikLXkQQFRDwoyDnAkOJ4gTC5cXGhTigDWM=
github.com/go-i2p/path v0.1.68/go.mod h1:CpyiaQVWc962DIwBgLFxqiGkK4A4wHuakkRLYqhq0XU=
github.com/go-i2p/pool v0.1.59 h1:6ttx7ZPmrhd4Kg03KJQ+pPWH59ACKGUaIH0HMx8N7z8=
github.com/go-i2p/pool v0.1.59/go.mod h1:2EIzC6dz8xY+PiWqnYII6mgUnOIZEJu1jNCrdXf1dcU=
github.com/go-i2p/pool v0.1.68 h1:Wd1Tjgne9JlY71Z/Oco4vejjzvoU2DthHaLrgJJbP0Y=
github.com/go-i2p/pool v0.1.68/go.mod h1:tFQKlD1f7ewrzEgFinqbAQIG71Fmk80fwy5bsrbDdrg=
github.com/go-i2p/red25519 v0.0.0-20260908204607-9444de34c638 h1:qMdNOzEfiH5DG6GlouH5NTY81Pb+F0zXj7g+QSLbeBE=
github.com/go-i2p/red25519 v0.0.0-20260908204607-9444de34c638/go.mod h1:e0PaWlQK0VFAfzObDxhpZNplzeKrwgDP7pD7upl5+Pw=
github.com/google/go-cmp v0.7.0 h1:wk8382ETsv4JYUZwIsn6YpYiWiBsYLSJiTsyBybVuN8=
github.com/google/go-cmp v0.7.0/go.mod h1:pXiqmnSA92OHEEa9HXL2W4E7lf9JzCmGVUdgjX3N/iU=
github.com/kr/pretty v0.3.1 h1:flRD4NNwYAUpkphVc1HcthR4KEIFJ65n8Mw5qdRn3LE=
github.com/kr/pretty v0.3.1/go.mod h1:hoEshYVHaxMs3cyo3Yncou5ZscifuDolrwPKZanG3xk=
github.com/kr/text v0.2.0 h1:5Nx0Ya0ZqY2ygV366QzturHI13Jq95ApcVaJBhpS+AY=
github.com/kr/text v0.2.0/go.mod h1:eLer722TekiGuMkidMxC/pM04lWEeraHUUmBw8l2grE=
github.com/oklog/ulid/v2 v2.1.2 h1:IEclFb9JNvzYA6MW2SCxbLzcHTVsfqm3PrqGQJH5zec=
github.com/oklog/ulid/v2 v2.1.2/go.mod h1:rcEKHmBBKfef9DhnvX7y1HZBYxjXb0cP5ExxNsTT1QQ=
github.com/pborman/getopt v0.0.0-20170112200414-7148bc3a4c30/go.mod h1:85jBQOZwpVEaDAr341tbn15RS4fCAsIst0qp7i8ex1o=
github.com/rogpeppe/go-internal v1.14.1 h1:UQB4HGPB6osV0SQTLymcB4TgvyWu6ZyliaW0tI/otEQ=
github.com/rogpeppe/go-internal v1.14.1/go.mod h1:MaRKkUm5W0goXpeCfT7UZI6fk/L7L7so1lCWt35ZSgc=
github.com/samber/lo v1.53.0 h1:t975lj2py4kJPQ6haz1QMgtId2gtmfktACxIXArw3HM=
github.com/samber/lo v1.53.0/go.mod h1:4+MXEGsJzbKGaUEQFKBq2xtfuznW9oz/WrgyzMzRoM0=
github.com/samber/oops v1.23.1 h1:QKkdrmSTr46B2u+FoQnUJ8dtp0an/yHKvytWHCTEba8=
github.com/samber/oops v1.23.1/go.mod h1:LO+VjrupgloQZ3CrXnhWqOWYARz8lY4EM+RHGzb3UJI=
github.com/sirupsen/logrus v1.9.4 h1:TsZE7l11zFCLZnZ+teH4Umoq5BhEIfIzfRDZ1Uzql2w=
github.com/sirupsen/logrus v1.9.4/go.mod h1:ftWc9WdOfJ0a92nsE2jF5u5ZwH8Bv2zdeOC42RjbV2g=
github.com/sirupsen/logrus v1.10.2 h1:G2SED73/qrAu6YwbdxOD6peLkCBI3z7L+ykJFTXJBBo=
github.com/sirupsen/logrus v1.10.2/go.mod h1:SLEg8TqYulVKKfIGHldVp2K2aYz2DKSVBq4g/H5bR7Q=
github.com/stretchr/testify v1.12.1 h1:EuwCh5fleGS7H32xRwO3wRGT7DxrDhLAT6FF8MpWDWE=
github.com/stretchr/testify v1.12.1/go.mod h1:MDEgiDPPsNp5cuIrHPPCyornHKgEVbtFUmoNlxoYthg=
go.opentelemetry.io/otel v1.44.0 h1:JjwHmHpA4iZ3wBxluu2fbbE7j4kqlE8jXyAyPXH7HqU=
go.opentelemetry.io/otel v1.44.0/go.mod h1:BMgjTHL9WPRlRjL2oZCBTL4whCGtXch2H4BhOPIAyYc=
go.opentelemetry.io/otel v1.46.0 h1:FHt5/CDyVxi/8IM1CH7VE/rRgq3kLHa2mSTVMO8AWyc=
go.opentelemetry.io/otel v1.46.0/go.mod h1:Gj3SEScelsNC45tp4nSxRYlS+f5iez7W8XPMCt905kE=
go.opentelemetry.io/otel/trace v1.44.0 h1:jxF5CsGYCe74MCRx2X4g7WsY/VBKRqqpNvXlX/6gtIk=
go.opentelemetry.io/otel/trace v1.44.0/go.mod h1:oLl1jrMQAVo6v3GAggN+1VH9VIz9iUSvW53sW1Q8PIE=
go.opentelemetry.io/otel/trace v1.46.0 h1:OULy7ccdJnZtJ0UDYFOIGaCmiWzJ8Vi2G/Rsu60qs1c=
go.opentelemetry.io/otel/trace v1.46.0/go.mod h1:J7GAXweO77XSFkB/rmAqk9D6ihszhFjLU+d9WuUxDLI=
go.step.sm/crypto v0.84.1 h1:i0JNkcLT7LcXef00TNpckjoTTH0QP6REHcAvnY3qrNY=
go.step.sm/crypto v0.84.1/go.mod h1:T54MIdw42uZnz3+mjOIOpJbsbTZF+O3IOLhvU9lBoJk=
go.step.sm/crypto v0.90.0 h1:ZEWK0Ly0RyEC2S2OP1+N/SRbTRU+sW7go0tttHgyXkw=
go.step.sm/crypto v0.90.0/go.mod h1:dgT4uZ4cClpjCi6HZZAmLomgn5tOfpHTqb34lTFN2PQ=
go.yaml.in/yaml/v3 v3.0.5 h1:N6y/pJk8buWs9NY5ERU2HSMfm+IuD/OtfdAnq6kESPw=
go.yaml.in/yaml/v3 v3.0.5/go.mod h1:HVTZu1O7/Vkt2N+BFy8Zza+lnLsABggaTM2ZpNIGuKg=
golang.org/x/crypto v0.57.0 h1:3ZVCjf8Ggz7zneR/EHRVx68Ctf+2pmIMP2UFhh9cC6M=
golang.org/x/crypto v0.57.0/go.mod h1:Fdz0i5U6CoizGwLda9DttjSk6qlZo25zYNtR+ycvuZA=
golang.org/x/sys v0.48.0 h1:bbX/i/6MgT9BVLM9RT1thmxL04yeTAhbEz4SyadbXoo=
golang.org/x/sys v0.48.0/go.mod h1:hNLxWAXmnKAxqDtdwIYC4bM9oQPEecfsnNMuSxOs3og=
golang.org/x/text v0.42.0 h1:JbOZXgfeCPU9gacVtYliJqOhD+zhrEqK4LfdpmlUZqI=
golang.org/x/text v0.42.0/go.mod h1:ojzP1Z+2QtioaF8DTtO8K5q7JWVVYwZKenzujK0Zd0E=
gopkg.in/check.v1 v1.0.0-20201130134442-10cb98267c6c h1:Hei/4ADfdWqJk1ZMxUNpqntNwaWcugrBjAiHlqqRiVk=
gopkg.in/check.v1 v1.0.0-20201130134442-10cb98267c6c/go.mod h1:JHkPIbrfpd72SG/EVd6muEfDQjcINNoR0C8j2r3qZ4Q=
